
Microsoft Visual Studio Solution File, Format Version 12.00
# Visual Studio Version 16
VisualStudioVersion = 16.0.29806.167
MinimumVisualStudioVersion = 10.0.40219.1
Project("{FAE04EC0-301F-11D3-BF4B-00C04F79EFBC}") = "MyShop.WebUI", "MyShop.WebUI\MyShop.WebUI.csproj", "{A611993D-2885-475C-A9B2-CD7F289C8491}"
EndProject
Project("{FAE04EC0-301F-11D3-BF4B-00C04F79EFBC}") = "MyShop.WebUI.Tests", "MyShop.WebUI.Tests\MyShop.WebUI.Tests.csproj", "{C43CFC8F-1C40-40B1-A84C-C354E25E52C6}"
EndProject
Project("{FAE04EC0-301F-11D3-BF4B-00C04F79EFBC}") = "MyShop.Core", "MyShop.Core\MyShop.Core.csproj", "{58496E93-DFA0-4640-B1B6-49F7C1A6E8A2}"
EndProject
Project("{FAE04EC0-301F-11D3-BF4B-00C04F79EFBC}") = "MyShop.DataAccess.InMemory", "MyShop.DataAccess.InMemory\MyShop.DataAccess.InMemory.csproj", "{44021628-AEE9-4742-9023-317B903CE1DE}"
EndProject
Project("{FAE04EC0-301F-11D3-BF4B-00C04F79EFBC}") = "MyShop.DataAccess.SQL", "MyShop.DataAccess.SQL\MyShop.DataAccess.SQL.csproj", "{D9B34B1B-ED25-4D94-9FCF-4043242C8ADA}"
EndProject
Project("{FAE04EC0-301F-11D3-BF4B-00C04F79EFBC}") = "MyShop.Services", "MyShop.Services\MyShop.Services.csproj", "{1123AE8B-C021-4A5A-83A5-0FBFBB7F7A12}"
EndProject
Global
	GlobalSection(SolutionConfigurationPlatforms) = preSolution
		Debug|Any CPU = Debug|Any CPU
		Release|Any CPU = Release|Any CPU
	EndGlobalSection
	GlobalSection(ProjectConfigurationPlatforms) = postSolution
		{A611993D-2885-475C-A9B2-CD7F289C8491}.Debug|Any CPU.ActiveCfg = Debug|Any CPU
		{A611993D-2885-475C-A9B2-CD7F289C8491}.Debug|Any CPU.Build.0 = Debug|Any CPU
		{A611993D-2885-475C-A9B2-CD7F289C8491}.Release|Any CPU.ActiveCfg = Release|Any CPU
		{A611993D-2885-475C-A9B2-CD7F289C8491}.Release|Any CPU.Build.0 = Release|Any CPU
		{C43CFC8F-1C40-40B1-A84C-C354E25E52C6}.Debug|Any CPU.ActiveCfg = Debug|Any CPU
		{C43CFC8F-1C40-40B1-A84C-C354E25E52C6}.Debug|Any CPU.Build.0 = Debug|Any CPU
		{C43CFC8F-1C40-40B1-A84C-C354E25E52C6}.Release|Any CPU.ActiveCfg = Release|Any CPU
		{C43CFC8F-1C40-40B1-A84C-C354E25E52C6}.Release|Any CPU.Build.0 = Release|Any CPU
		{58496E93-DFA0-4640-B1B6-49F7C1A6E8A2}.Debug|Any CPU.ActiveCfg = Debug|Any CPU
		{58496E93-DFA0-4640-B1B6-49F7C1A6E8A2}.Debug|Any CPU.Build.0 = Debug|Any CPU
		{58496E93-DFA0-4640-B1B6-49F7C1A6E8A2}.Release|Any CPU.ActiveCfg = Release|Any CPU
		{58496E93-DFA0-4640-B1B6-49F7C1A6E8A2}.Release|Any CPU.Build.0 = Release|Any CPU
		{44021628-AEE9-4742-9023-317B903CE1DE}.Debug|Any CPU.ActiveCfg = Debug|Any CPU
		{44021628-AEE9-4742-9023-317B903CE1DE}.Debug|Any CPU.Build.0 = Debug|Any CPU
		{44021628-AEE9-4742-9023-317B903CE1DE}.Release|Any CPU.ActiveCfg = Release|Any CPU
		{44021628-AEE9-4742-9023-317B903CE1DE}.Release|Any CPU.Build.0 = Release|Any CPU
		{D9B34B1B-ED25-4D94-9FCF-4043242C8ADA}.Debug|Any CPU.ActiveCfg = Debug|Any CPU
		{D9B34B1B-ED25-4D94-9FCF-4043242C8ADA}.Debug|Any CPU.Build.0 = Debug|Any CPU
		{D9B34B1B-ED25-4D94-9FCF-4043242C8ADA}.Release|Any CPU.ActiveCfg = Release|Any CPU
		{D9B34B1B-ED25-4D94-9FCF-4043242C8ADA}.Release|Any CPU.Build.0 = Release|Any CPU
		{1123AE8B-C021-4A5A-83A5-0FBFBB7F7A12}.Debug|Any CPU.ActiveCfg = Debug|Any CPU
		{1123AE8B-C021-4A5A-83A5-0FBFBB7F7A12}.Debug|Any CPU.Build.0 = Debug|Any CPU
		{1123AE8B-C021-4A5A-83A5-0FBFBB7F7A12}.Release|Any CPU.ActiveCfg = Release|Any CPU
		{1123AE8B-C021-4A5A-83A5-0FBFBB7F7A12}.Release|Any CPU.Build.0 = Release|Any CPU
	EndGlobalSection
	GlobalSection(SolutionProperties) = preSolution
		HideSolutionNode = FALSE
	EndGlobalSection
	GlobalSection(ExtensibilityGlobals) = postSolution
		SolutionGuid = {9E67FC17-4F24-4ABA-A44D-F66162EE3ED6}
	EndGlobalSection
EndGlobal
